
Microsoft Visual Studio Solution File, Format Version 12.00
# Visual Studio 15
VisualStudioVersion = 15.0.28307.168
MinimumVisualStudioVersion = 10.0.40219.1
Project("{FAE04EC0-301F-11D3-BF4B-00C04F79EFBC}") = "TemperatureWebSite", "TemperatureWebSite\TemperatureWebSite.csproj", "{7C096819-624B-475D-9A05-1206D7E9BC1E}"
EndProject
Global
	GlobalSection(SolutionConfigurationPlatforms) = preSolution
		Debug|Any CPU = Debug|Any CPU
		Release|Any CPU = Release|Any CPU
	EndGlobalSection
	GlobalSection(ProjectConfigurationPlatforms) = postSolution
		{7C096819-624B-475D-9A05-1206D7E9BC1E}.Debug|Any CPU.ActiveCfg = Debug|Any CPU
		{7C096819-624B-475D-9A05-1206D7E9BC1E}.Debug|Any CPU.Build.0 = Debug|Any CPU
		{7C096819-624B-475D-9A05-1206D7E9BC1E}.Release|Any CPU.ActiveCfg = Release|Any CPU
		{7C096819-624B-475D-9A05-1206D7E9BC1E}.Release|Any CPU.Build.0 = Release|Any CPU
	EndGlobalSection
	GlobalSection(SolutionProperties) = preSolution
		HideSolutionNode = FALSE
	EndGlobalSection
	GlobalSection(ExtensibilityGlobals) = postSolution
		SolutionGuid = {8D4E2000-ED0D-46F2-8C4B-0DBA52E402CA}
	EndGlobalSection
EndGlobal
